{
  "version": 4,
  "terraform_version": "1.14.8",
  "serial": 7,
  "lineage": "6eafa383-847b-6a57-3192-c17946ae6f6f",
  "outputs": {},
  "resources": [
    {
      "mode": "managed",
      "type": "google_bigquery_dataset",
      "name": "demo_dataset",
      "provider": "provider[\"registry.terraform.io/hashicorp/google\"]",
      "instances": [
        {
          "schema_version": 0,
          "attributes": {
            "access": [
              {
                "dataset": [],
                "domain": "",
                "group_by_email": "",
                "iam_member": "",
                "role": "OWNER",
                "routine": [],
                "special_group": "",
                "user_by_email": "jccharbo1@gmail.com",
                "view": []
              },
              {
                "dataset": [],
                "domain": "",
                "group_by_email": "",
                "iam_member": "",
                "role": "OWNER",
                "routine": [],
                "special_group": "projectOwners",
                "user_by_email": "",
                "view": []
              },
              {
                "dataset": [],
                "domain": "",
                "group_by_email": "",
                "iam_member": "",
                "role": "READER",
                "routine": [],
                "special_group": "projectReaders",
                "user_by_email": "",
                "view": []
              },
              {
                "dataset": [],
                "domain": "",
                "group_by_email": "",
                "iam_member": "",
                "role": "WRITER",
                "routine": [],
                "special_group": "projectWriters",
                "user_by_email": "",
                "view": []
              }
            ],
            "creation_time": 1775150208651,
            "dataset_id": "demo_dataset_default",
            "default_collation": "",
            "default_encryption_configuration": [],
            "default_partition_expiration_ms": 0,
            "default_table_expiration_ms": 0,
            "delete_contents_on_destroy": true,
            "description": "Dataset jetable pour démo Terraform.",
            "effective_labels": {},
            "etag": "MFOcioD6MoZpSQy/fwsg4w==",
            "friendly_name": "Demo Dataset default",
            "id": "projects/silent-region-491307-t1/datasets/demo_dataset_default",
            "is_case_insensitive": false,
            "labels": null,
            "last_modified_time": 1775150208651,
            "location": "EU",
            "max_time_travel_hours": "168",
            "project": "silent-region-491307-t1",
            "self_link": "https://bigquery.googleapis.com/bigquery/v2/projects/silent-region-491307-t1/datasets/demo_dataset_default",
            "storage_billing_model": "",
            "terraform_labels": {},
            "timeouts": null
          },
          "sensitive_attributes": [],
          "identity_schema_version": 0,
          "private": "eyJlMmJmYjczMC1lY2FhLTExZTYtOGY4OC0zNDM2M2JjN2M0YzAiOnsiY3JlYXRlIjoxMjAwMDAwMDAwMDAwLCJkZWxldGUiOjEyMDAwMDAwMDAwMDAsInVwZGF0ZSI6MTIwMDAwMDAwMDAwMH19"
        }
      ]
    },
    {
      "mode": "managed",
      "type": "google_bigquery_table",
      "name": "demo_table",
      "provider": "provider[\"registry.terraform.io/hashicorp/google\"]",
      "instances": [
        {
          "schema_version": 0,
          "attributes": {
            "clustering": null,
            "creation_time": 1775150209759,
            "dataset_id": "demo_dataset_default",
            "deletion_protection": true,
            "description": "",
            "effective_labels": {},
            "encryption_configuration": [],
            "etag": "I5wNve3WJmexGAe5EiiiKA==",
            "expiration_time": 0,
            "external_data_configuration": [],
            "friendly_name": "",
            "id": "projects/silent-region-491307-t1/datasets/demo_dataset_default/tables/demo_table_default",
            "labels": null,
            "last_modified_time": 1775150210026,
            "location": "EU",
            "materialized_view": [],
            "max_staleness": "",
            "num_bytes": 0,
            "num_long_term_bytes": 0,
            "num_rows": 0,
            "project": "silent-region-491307-t1",
            "range_partitioning": [],
            "require_partition_filter": false,
            "schema": "[{\"mode\":\"REQUIRED\",\"name\":\"id\",\"type\":\"STRING\"},{\"mode\":\"NULLABLE\",\"name\":\"value\",\"type\":\"INTEGER\"}]",
            "self_link": "https://bigquery.googleapis.com/bigquery/v2/projects/silent-region-491307-t1/datasets/demo_dataset_default/tables/demo_table_default",
            "table_constraints": [],
            "table_id": "demo_table_default",
            "table_replication_info": [],
            "terraform_labels": {},
            "time_partitioning": [],
            "type": "TABLE",
            "view": []
          },
          "sensitive_attributes": [],
          "identity_schema_version": 0,
          "private": "bnVsbA==",
          "dependencies": [
            "google_bigquery_dataset.demo_dataset"
          ]
        }
      ]
    },
    {
      "mode": "managed",
      "type": "google_project_iam_member",
      "name": "bq_sa_bigquery_admin",
      "provider": "provider[\"registry.terraform.io/hashicorp/google\"]",
      "instances": [
        {
          "schema_version": 0,
          "attributes": {
            "condition": [],
            "etag": "BwZOfPDgGZM=",
            "id": "silent-region-491307-t1/roles/bigquery.admin/serviceAccount:bq-demo-sa-default@silent-region-491307-t1.iam.gserviceaccount.com",
            "member": "serviceAccount:bq-demo-sa-default@silent-region-491307-t1.iam.gserviceaccount.com",
            "project": "silent-region-491307-t1",
            "role": "roles/bigquery.admin"
          },
          "sensitive_attributes": [],
          "identity_schema_version": 0,
          "private": "bnVsbA==",
          "dependencies": [
            "google_service_account.bq_demo"
          ]
        }
      ]
    },
    {
      "mode": "managed",
      "type": "google_service_account",
      "name": "bq_demo",
      "provider": "provider[\"registry.terraform.io/hashicorp/google\"]",
      "instances": [
        {
          "schema_version": 0,
          "attributes": {
            "account_id": "bq-demo-sa-default",
            "create_ignore_already_exists": null,
            "description": "Service account pour BigQuery demo, jetable et réutilisable.",
            "disabled": false,
            "display_name": "",
            "email": "bq-demo-sa-default@silent-region-491307-t1.iam.gserviceaccount.com",
            "id": "projects/silent-region-491307-t1/serviceAccounts/bq-demo-sa-default@silent-region-491307-t1.iam.gserviceaccount.com",
            "member": "serviceAccount:bq-demo-sa-default@silent-region-491307-t1.iam.gserviceaccount.com",
            "name": "projects/silent-region-491307-t1/serviceAccounts/bq-demo-sa-default@silent-region-491307-t1.iam.gserviceaccount.com",
            "project": "silent-region-491307-t1",
            "timeouts": null,
            "unique_id": "114912289989582731265"
          },
          "sensitive_attributes": [],
          "identity_schema_version": 0,
          "private": "eyJlMmJmYjczMC1lY2FhLTExZTYtOGY4OC0zNDM2M2JjN2M0YzAiOnsiY3JlYXRlIjozMDAwMDAwMDAwMDB9fQ=="
        }
      ]
    }
  ],
  "check_results": null
}
