{
  "version": 4,
  "terraform_version": "1.14.8",
  "serial": 92,
  "lineage": "16287eb3-c4d6-9ea8-dc7a-521481539f72",
  "outputs": {
    "instructions_service_account_admin": {
      "value": "⚠️ La première exécution de 'terraform apply' peut échouer avec une erreur de permission lors de la création des comptes de service.\nCe comportement est normal : le rôle 'Service Account Admin' vient d'être attribué à votre utilisateur.\nRelancez simplement 'terraform apply -auto-approve -var-file=\"auto.tfvars\"' une seconde fois pour poursuivre le déploiement.\n",
      "type": "string"
    }
  },
  "resources": [
    {
      "mode": "managed",
      "type": "google_bigquery_dataset",
      "name": "demo_dataset",
      "provider": "provider[\"registry.terraform.io/hashicorp/google\"]",
      "instances": [
        {
          "schema_version": 0,
          "attributes": {
            "access": [
              {
                "dataset": [],
                "domain": "",
                "group_by_email": "",
                "iam_member": "",
                "role": "OWNER",
                "routine": [],
                "special_group": "",
                "user_by_email": "jccharbo1@gmail.com",
                "view": []
              },
              {
                "dataset": [],
                "domain": "",
                "group_by_email": "",
                "iam_member": "",
                "role": "OWNER",
                "routine": [],
                "special_group": "projectOwners",
                "user_by_email": "",
                "view": []
              },
              {
                "dataset": [],
                "domain": "",
                "group_by_email": "",
                "iam_member": "",
                "role": "READER",
                "routine": [],
                "special_group": "projectReaders",
                "user_by_email": "",
                "view": []
              },
              {
                "dataset": [],
                "domain": "",
                "group_by_email": "",
                "iam_member": "",
                "role": "WRITER",
                "routine": [],
                "special_group": "projectWriters",
                "user_by_email": "",
                "view": []
              }
            ],
            "creation_time": 1775232065044,
            "dataset_id": "demo_dataset_default",
            "default_collation": "",
            "default_encryption_configuration": [],
            "default_partition_expiration_ms": 0,
            "default_table_expiration_ms": 0,
            "delete_contents_on_destroy": true,
            "description": "Dataset jetable pour démo Terraform.",
            "effective_labels": {},
            "etag": "1mp0EbXr8B3D99WaTxofOw==",
            "friendly_name": "Demo Dataset default",
            "id": "projects/mix-energie-gcp2-492212/datasets/demo_dataset_default",
            "is_case_insensitive": false,
            "labels": {},
            "last_modified_time": 1775232065044,
            "location": "EU",
            "max_time_travel_hours": "168",
            "project": "mix-energie-gcp2-492212",
            "self_link": "https://bigquery.googleapis.com/bigquery/v2/projects/mix-energie-gcp2-492212/datasets/demo_dataset_default",
            "storage_billing_model": "",
            "terraform_labels": {},
            "timeouts": null
          },
          "sensitive_attributes": [],
          "identity_schema_version": 0,
          "private": "eyJlMmJmYjczMC1lY2FhLTExZTYtOGY4OC0zNDM2M2JjN2M0YzAiOnsiY3JlYXRlIjoxMjAwMDAwMDAwMDAwLCJkZWxldGUiOjEyMDAwMDAwMDAwMDAsInVwZGF0ZSI6MTIwMDAwMDAwMDAwMH19"
        }
      ]
    },
    {
      "mode": "managed",
      "type": "google_bigquery_dataset",
      "name": "gold_dataset_mix_energie",
      "provider": "provider[\"registry.terraform.io/hashicorp/google\"]",
      "instances": [
        {
          "schema_version": 0,
          "attributes": {
            "access": [
              {
                "dataset": [],
                "domain": "",
                "group_by_email": "",
                "iam_member": "",
                "role": "OWNER",
                "routine": [],
                "special_group": "",
                "user_by_email": "jccharbo1@gmail.com",
                "view": []
              },
              {
                "dataset": [],
                "domain": "",
                "group_by_email": "",
                "iam_member": "",
                "role": "OWNER",
                "routine": [],
                "special_group": "projectOwners",
                "user_by_email": "",
                "view": []
              },
              {
                "dataset": [],
                "domain": "",
                "group_by_email": "",
                "iam_member": "",
                "role": "READER",
                "routine": [],
                "special_group": "projectReaders",
                "user_by_email": "",
                "view": []
              },
              {
                "dataset": [],
                "domain": "",
                "group_by_email": "",
                "iam_member": "",
                "role": "WRITER",
                "routine": [],
                "special_group": "projectWriters",
                "user_by_email": "",
                "view": []
              }
            ],
            "creation_time": 1775233821754,
            "dataset_id": "gold_mix_energie",
            "default_collation": "",
            "default_encryption_configuration": [],
            "default_partition_expiration_ms": 0,
            "default_table_expiration_ms": 0,
            "delete_contents_on_destroy": true,
            "description": "Dataset gold pour le projet mix-energie.",
            "effective_labels": {},
            "etag": "EbwIJA8Jkl0Mz/i5Y1yhxA==",
            "friendly_name": "Dataset gold mix-energie",
            "id": "projects/mix-energie-gcp2-492212/datasets/gold_mix_energie",
            "is_case_insensitive": false,
            "labels": null,
            "last_modified_time": 1775233821754,
            "location": "EU",
            "max_time_travel_hours": "168",
            "project": "mix-energie-gcp2-492212",
            "self_link": "https://bigquery.googleapis.com/bigquery/v2/projects/mix-energie-gcp2-492212/datasets/gold_mix_energie",
            "storage_billing_model": "",
            "terraform_labels": {},
            "timeouts": null
          },
          "sensitive_attributes": [],
          "identity_schema_version": 0,
          "private": "eyJlMmJmYjczMC1lY2FhLTExZTYtOGY4OC0zNDM2M2JjN2M0YzAiOnsiY3JlYXRlIjoxMjAwMDAwMDAwMDAwLCJkZWxldGUiOjEyMDAwMDAwMDAwMDAsInVwZGF0ZSI6MTIwMDAwMDAwMDAwMH19"
        }
      ]
    },
    {
      "mode": "managed",
      "type": "google_bigquery_dataset",
      "name": "mix_energie_dataset",
      "provider": "provider[\"registry.terraform.io/hashicorp/google\"]",
      "instances": [
        {
          "schema_version": 0,
          "attributes": {
            "access": [
              {
                "dataset": [],
                "domain": "",
                "group_by_email": "",
                "iam_member": "",
                "role": "OWNER",
                "routine": [],
                "special_group": "",
                "user_by_email": "jccharbo1@gmail.com",
                "view": []
              },
              {
                "dataset": [],
                "domain": "",
                "group_by_email": "",
                "iam_member": "",
                "role": "OWNER",
                "routine": [],
                "special_group": "projectOwners",
                "user_by_email": "",
                "view": []
              },
              {
                "dataset": [],
                "domain": "",
                "group_by_email": "",
                "iam_member": "",
                "role": "READER",
                "routine": [],
                "special_group": "projectReaders",
                "user_by_email": "",
                "view": []
              },
              {
                "dataset": [],
                "domain": "",
                "group_by_email": "",
                "iam_member": "",
                "role": "WRITER",
                "routine": [],
                "special_group": "projectWriters",
                "user_by_email": "",
                "view": []
              }
            ],
            "creation_time": 1775233821754,
            "dataset_id": "bronze_mix_energie",
            "default_collation": "",
            "default_encryption_configuration": [],
            "default_partition_expiration_ms": 0,
            "default_table_expiration_ms": 0,
            "delete_contents_on_destroy": true,
            "description": "Dataset principal pour le projet mix-energie.",
            "effective_labels": {},
            "etag": "KZ6yc2FpbqIwbae5Hsnbnw==",
            "friendly_name": "Dataset principal mix-energie",
            "id": "projects/mix-energie-gcp2-492212/datasets/bronze_mix_energie",
            "is_case_insensitive": false,
            "labels": null,
            "last_modified_time": 1775233821754,
            "location": "EU",
            "max_time_travel_hours": "168",
            "project": "mix-energie-gcp2-492212",
            "self_link": "https://bigquery.googleapis.com/bigquery/v2/projects/mix-energie-gcp2-492212/datasets/bronze_mix_energie",
            "storage_billing_model": "",
            "terraform_labels": {},
            "timeouts": null
          },
          "sensitive_attributes": [],
          "identity_schema_version": 0,
          "private": "eyJlMmJmYjczMC1lY2FhLTExZTYtOGY4OC0zNDM2M2JjN2M0YzAiOnsiY3JlYXRlIjoxMjAwMDAwMDAwMDAwLCJkZWxldGUiOjEyMDAwMDAwMDAwMDAsInVwZGF0ZSI6MTIwMDAwMDAwMDAwMH19"
        }
      ]
    },
    {
      "mode": "managed",
      "type": "google_bigquery_dataset",
      "name": "silver_dataset_mix_energie",
      "provider": "provider[\"registry.terraform.io/hashicorp/google\"]",
      "instances": [
        {
          "schema_version": 0,
          "attributes": {
            "access": [
              {
                "dataset": [],
                "domain": "",
                "group_by_email": "",
                "iam_member": "",
                "role": "OWNER",
                "routine": [],
                "special_group": "",
                "user_by_email": "jccharbo1@gmail.com",
                "view": []
              },
              {
                "dataset": [],
                "domain": "",
                "group_by_email": "",
                "iam_member": "",
                "role": "OWNER",
                "routine": [],
                "special_group": "projectOwners",
                "user_by_email": "",
                "view": []
              },
              {
                "dataset": [],
                "domain": "",
                "group_by_email": "",
                "iam_member": "",
                "role": "READER",
                "routine": [],
                "special_group": "projectReaders",
                "user_by_email": "",
                "view": []
              },
              {
                "dataset": [],
                "domain": "",
                "group_by_email": "",
                "iam_member": "",
                "role": "WRITER",
                "routine": [],
                "special_group": "projectWriters",
                "user_by_email": "",
                "view": []
              }
            ],
            "creation_time": 1775233821752,
            "dataset_id": "silver_mix_energie",
            "default_collation": "",
            "default_encryption_configuration": [],
            "default_partition_expiration_ms": 0,
            "default_table_expiration_ms": 0,
            "delete_contents_on_destroy": true,
            "description": "Dataset silver pour le projet mix-energie.",
            "effective_labels": {},
            "etag": "ivl0ZgY0UQs62NLlbodMQA==",
            "friendly_name": "Dataset silver mix-energie",
            "id": "projects/mix-energie-gcp2-492212/datasets/silver_mix_energie",
            "is_case_insensitive": false,
            "labels": null,
            "last_modified_time": 1775233821752,
            "location": "EU",
            "max_time_travel_hours": "168",
            "project": "mix-energie-gcp2-492212",
            "self_link": "https://bigquery.googleapis.com/bigquery/v2/projects/mix-energie-gcp2-492212/datasets/silver_mix_energie",
            "storage_billing_model": "",
            "terraform_labels": {},
            "timeouts": null
          },
          "sensitive_attributes": [],
          "identity_schema_version": 0,
          "private": "eyJlMmJmYjczMC1lY2FhLTExZTYtOGY4OC0zNDM2M2JjN2M0YzAiOnsiY3JlYXRlIjoxMjAwMDAwMDAwMDAwLCJkZWxldGUiOjEyMDAwMDAwMDAwMDAsInVwZGF0ZSI6MTIwMDAwMDAwMDAwMH19"
        }
      ]
    },
    {
      "mode": "managed",
      "type": "google_bigquery_table",
      "name": "demo_table",
      "provider": "provider[\"registry.terraform.io/hashicorp/google\"]",
      "instances": [
        {
          "schema_version": 0,
          "attributes": {
            "clustering": null,
            "creation_time": 1775232066518,
            "dataset_id": "demo_dataset_default",
            "deletion_protection": true,
            "description": "",
            "effective_labels": {},
            "encryption_configuration": [],
            "etag": "2V5pdi1vVIjzb9o+ITtTXg==",
            "expiration_time": 0,
            "external_data_configuration": [],
            "friendly_name": "",
            "id": "projects/mix-energie-gcp2-492212/datasets/demo_dataset_default/tables/demo_table_default",
            "labels": {},
            "last_modified_time": 1775232066713,
            "location": "EU",
            "materialized_view": [],
            "max_staleness": "",
            "num_bytes": 0,
            "num_long_term_bytes": 0,
            "num_rows": 0,
            "project": "mix-energie-gcp2-492212",
            "range_partitioning": [],
            "require_partition_filter": false,
            "schema": "[{\"mode\":\"REQUIRED\",\"name\":\"id\",\"type\":\"STRING\"},{\"mode\":\"NULLABLE\",\"name\":\"value\",\"type\":\"INTEGER\"}]",
            "self_link": "https://bigquery.googleapis.com/bigquery/v2/projects/mix-energie-gcp2-492212/datasets/demo_dataset_default/tables/demo_table_default",
            "table_constraints": [],
            "table_id": "demo_table_default",
            "table_replication_info": [],
            "terraform_labels": {},
            "time_partitioning": [],
            "type": "TABLE",
            "view": []
          },
          "sensitive_attributes": [],
          "identity_schema_version": 0,
          "private": "bnVsbA==",
          "dependencies": [
            "google_bigquery_dataset.demo_dataset"
          ]
        }
      ]
    },
    {
      "mode": "managed",
      "type": "google_compute_instance",
      "name": "vm_mix_energie",
      "provider": "provider[\"registry.terraform.io/hashicorp/google\"]",
      "instances": [
        {
          "schema_version": 6,
          "attributes": {
            "advanced_machine_features": [],
            "allow_stopping_for_update": null,
            "attached_disk": [],
            "boot_disk": [
              {
                "auto_delete": true,
                "device_name": "persistent-disk-0",
                "disk_encryption_key_raw": "",
                "disk_encryption_key_sha256": "",
                "initialize_params": [
                  {
                    "enable_confidential_compute": false,
                    "image": "https://www.googleapis.com/compute/v1/projects/debian-cloud/global/images/debian-11-bullseye-v20260310",
                    "labels": {},
                    "provisioned_iops": 0,
                    "provisioned_throughput": 0,
                    "resource_manager_tags": {},
                    "size": 10,
                    "type": "pd-standard"
                  }
                ],
                "kms_key_self_link": "",
                "mode": "READ_WRITE",
                "source": "https://www.googleapis.com/compute/v1/projects/mix-energie-gcp2-492212/zones/europe-west1-b/disks/vm-mix-energie"
              }
            ],
            "can_ip_forward": false,
            "confidential_instance_config": [],
            "cpu_platform": "Intel Broadwell",
            "current_status": "RUNNING",
            "deletion_protection": false,
            "description": "",
            "desired_status": null,
            "effective_labels": {},
            "enable_display": false,
            "guest_accelerator": [],
            "hostname": "",
            "id": "projects/mix-energie-gcp2-492212/zones/europe-west1-b/instances/vm-mix-energie",
            "instance_id": "1768027898974984877",
            "label_fingerprint": "42WmSpB8rSM=",
            "labels": {},
            "machine_type": "e2-micro",
            "metadata": {},
            "metadata_fingerprint": "o3x5XQUcDto=",
            "metadata_startup_script": null,
            "min_cpu_platform": "",
            "name": "vm-mix-energie",
            "network_interface": [
              {
                "access_config": [
                  {
                    "nat_ip": "34.62.217.223",
                    "network_tier": "PREMIUM",
                    "public_ptr_domain_name": ""
                  }
                ],
                "alias_ip_range": [],
                "internal_ipv6_prefix_length": 0,
                "ipv6_access_config": [],
                "ipv6_access_type": "",
                "ipv6_address": "",
                "name": "nic0",
                "network": "https://www.googleapis.com/compute/v1/projects/mix-energie-gcp2-492212/global/networks/default",
                "network_ip": "10.132.0.2",
                "nic_type": "",
                "queue_count": 0,
                "stack_type": "IPV4_ONLY",
                "subnetwork": "https://www.googleapis.com/compute/v1/projects/mix-energie-gcp2-492212/regions/europe-west1/subnetworks/default",
                "subnetwork_project": "mix-energie-gcp2-492212"
              }
            ],
            "network_performance_config": [],
            "params": [],
            "project": "mix-energie-gcp2-492212",
            "reservation_affinity": [],
            "resource_policies": [],
            "scheduling": [
              {
                "automatic_restart": true,
                "instance_termination_action": "",
                "local_ssd_recovery_timeout": [],
                "min_node_cpus": 0,
                "node_affinities": [],
                "on_host_maintenance": "MIGRATE",
                "preemptible": false,
                "provisioning_model": "STANDARD"
              }
            ],
            "scratch_disk": [],
            "self_link": "https://www.googleapis.com/compute/v1/projects/mix-energie-gcp2-492212/zones/europe-west1-b/instances/vm-mix-energie",
            "service_account": [],
            "shielded_instance_config": [
              {
                "enable_integrity_monitoring": true,
                "enable_secure_boot": false,
                "enable_vtpm": true
              }
            ],
            "tags": [
              "demo"
            ],
            "tags_fingerprint": "5u8nZq7JF28=",
            "terraform_labels": {},
            "timeouts": null,
            "zone": "europe-west1-b"
          },
          "sensitive_attributes": [
            [
              {
                "type": "get_attr",
                "value": "boot_disk"
              },
              {
                "type": "index",
                "value": {
                  "value": 0,
                  "type": "number"
                }
              },
              {
                "type": "get_attr",
                "value": "disk_encryption_key_raw"
              }
            ]
          ],
          "identity_schema_version": 0,
          "private": "eyJlMmJmYjczMC1lY2FhLTExZTYtOGY4OC0zNDM2M2JjN2M0YzAiOnsiY3JlYXRlIjoxMjAwMDAwMDAwMDAwLCJkZWxldGUiOjEyMDAwMDAwMDAwMDAsInVwZGF0ZSI6MTIwMDAwMDAwMDAwMH0sInNjaGVtYV92ZXJzaW9uIjoiNiJ9",
          "dependencies": [
            "google_project.mix_energie_gcp"
          ]
        }
      ]
    },
    {
      "mode": "managed",
      "type": "google_project",
      "name": "mix_energie_gcp",
      "provider": "provider[\"registry.terraform.io/hashicorp/google\"]",
      "instances": [
        {
          "schema_version": 1,
          "attributes": {
            "auto_create_network": true,
            "billing_account": "01FE1B-B3B34E-92A1B4",
            "effective_labels": {},
            "folder_id": "",
            "id": "projects/mix-energie-gcp2-492212",
            "labels": {},
            "name": "mix-energie-gcp2",
            "number": "680136871637",
            "org_id": "1064330306973",
            "project_id": "mix-energie-gcp2-492212",
            "skip_delete": null,
            "terraform_labels": {},
            "timeouts": null
          },
          "sensitive_attributes": [],
          "identity_schema_version": 0,
          "private": "eyJlMmJmYjczMC1lY2FhLTExZTYtOGY4OC0zNDM2M2JjN2M0YzAiOnsiY3JlYXRlIjo2MDAwMDAwMDAwMDAsImRlbGV0ZSI6NjAwMDAwMDAwMDAwLCJyZWFkIjo2MDAwMDAwMDAwMDAsInVwZGF0ZSI6NjAwMDAwMDAwMDAwfSwic2NoZW1hX3ZlcnNpb24iOiIxIn0="
        }
      ]
    },
    {
      "mode": "managed",
      "type": "google_project_iam_member",
      "name": "import_mix_energie_bigquery_editor",
      "provider": "provider[\"registry.terraform.io/hashicorp/google\"]",
      "instances": [
        {
          "schema_version": 0,
          "attributes": {
            "condition": [],
            "etag": "BwZOkIOxSbM=",
            "id": "mix-energie-gcp2-492212/roles/bigquery.dataEditor/serviceAccount:import-mix-energie@mix-energie-gcp2-492212.iam.gserviceaccount.com",
            "member": "serviceAccount:import-mix-energie@mix-energie-gcp2-492212.iam.gserviceaccount.com",
            "project": "mix-energie-gcp2-492212",
            "role": "roles/bigquery.dataEditor"
          },
          "sensitive_attributes": [],
          "identity_schema_version": 0,
          "private": "bnVsbA==",
          "dependencies": [
            "google_service_account.import_mix_energie"
          ]
        }
      ]
    },
    {
      "mode": "managed",
      "type": "google_project_iam_member",
      "name": "mix_energie_bigquery_admin",
      "provider": "provider[\"registry.terraform.io/hashicorp/google\"]",
      "instances": [
        {
          "schema_version": 0,
          "attributes": {
            "condition": [],
            "etag": "BwZOkIOxSbM=",
            "id": "mix-energie-gcp2-492212/roles/bigquery.admin/serviceAccount:bigquery-mix-energie@mix-energie-gcp2-492212.iam.gserviceaccount.com",
            "member": "serviceAccount:bigquery-mix-energie@mix-energie-gcp2-492212.iam.gserviceaccount.com",
            "project": "mix-energie-gcp2-492212",
            "role": "roles/bigquery.admin"
          },
          "sensitive_attributes": [],
          "identity_schema_version": 0,
          "private": "bnVsbA==",
          "dependencies": [
            "google_service_account.mix_energie_bigquery"
          ]
        }
      ]
    },
    {
      "mode": "managed",
      "type": "google_project_iam_member",
      "name": "self_service_account_admin",
      "provider": "provider[\"registry.terraform.io/hashicorp/google\"]",
      "instances": [
        {
          "schema_version": 0,
          "attributes": {
            "condition": [],
            "etag": "BwZOkIOxSbM=",
            "id": "mix-energie-gcp2-492212/roles/iam.serviceAccountAdmin/user:jccharbo1@gmail.com",
            "member": "user:jccharbo1@gmail.com",
            "project": "mix-energie-gcp2-492212",
            "role": "roles/iam.serviceAccountAdmin"
          },
          "sensitive_attributes": [],
          "identity_schema_version": 0,
          "private": "bnVsbA==",
          "dependencies": [
            "google_project.mix_energie_gcp"
          ]
        }
      ]
    },
    {
      "mode": "managed",
      "type": "google_project_service",
      "name": "bigquery",
      "provider": "provider[\"registry.terraform.io/hashicorp/google\"]",
      "instances": [
        {
          "schema_version": 0,
          "attributes": {
            "disable_dependent_services": null,
            "disable_on_destroy": true,
            "id": "mix-energie-gcp2-492212/bigquery.googleapis.com",
            "project": "mix-energie-gcp2-492212",
            "service": "bigquery.googleapis.com",
            "timeouts": null
          },
          "sensitive_attributes": [],
          "identity_schema_version": 0,
          "private": "eyJlMmJmYjczMC1lY2FhLTExZTYtOGY4OC0zNDM2M2JjN2M0YzAiOnsiY3JlYXRlIjoxMjAwMDAwMDAwMDAwLCJkZWxldGUiOjEyMDAwMDAwMDAwMDAsInJlYWQiOjYwMDAwMDAwMDAwMCwidXBkYXRlIjoxMjAwMDAwMDAwMDAwfX0=",
          "dependencies": [
            "google_project.mix_energie_gcp"
          ]
        }
      ]
    },
    {
      "mode": "managed",
      "type": "google_project_service",
      "name": "compute",
      "provider": "provider[\"registry.terraform.io/hashicorp/google\"]",
      "instances": [
        {
          "schema_version": 0,
          "attributes": {
            "disable_dependent_services": null,
            "disable_on_destroy": true,
            "id": "mix-energie-gcp2-492212/compute.googleapis.com",
            "project": "mix-energie-gcp2-492212",
            "service": "compute.googleapis.com",
            "timeouts": null
          },
          "sensitive_attributes": [],
          "identity_schema_version": 0,
          "private": "eyJlMmJmYjczMC1lY2FhLTExZTYtOGY4OC0zNDM2M2JjN2M0YzAiOnsiY3JlYXRlIjoxMjAwMDAwMDAwMDAwLCJkZWxldGUiOjEyMDAwMDAwMDAwMDAsInJlYWQiOjYwMDAwMDAwMDAwMCwidXBkYXRlIjoxMjAwMDAwMDAwMDAwfX0=",
          "dependencies": [
            "google_project.mix_energie_gcp"
          ]
        }
      ]
    },
    {
      "mode": "managed",
      "type": "google_project_service",
      "name": "storage",
      "provider": "provider[\"registry.terraform.io/hashicorp/google\"]",
      "instances": [
        {
          "schema_version": 0,
          "attributes": {
            "disable_dependent_services": null,
            "disable_on_destroy": true,
            "id": "mix-energie-gcp2-492212/storage.googleapis.com",
            "project": "mix-energie-gcp2-492212",
            "service": "storage.googleapis.com",
            "timeouts": null
          },
          "sensitive_attributes": [],
          "identity_schema_version": 0,
          "private": "eyJlMmJmYjczMC1lY2FhLTExZTYtOGY4OC0zNDM2M2JjN2M0YzAiOnsiY3JlYXRlIjoxMjAwMDAwMDAwMDAwLCJkZWxldGUiOjEyMDAwMDAwMDAwMDAsInJlYWQiOjYwMDAwMDAwMDAwMCwidXBkYXRlIjoxMjAwMDAwMDAwMDAwfX0=",
          "dependencies": [
            "google_project.mix_energie_gcp"
          ]
        }
      ]
    },
    {
      "mode": "managed",
      "type": "google_project_service",
      "name": "vertex_ai",
      "provider": "provider[\"registry.terraform.io/hashicorp/google\"]",
      "instances": [
        {
          "schema_version": 0,
          "attributes": {
            "disable_dependent_services": null,
            "disable_on_destroy": true,
            "id": "mix-energie-gcp2-492212/aiplatform.googleapis.com",
            "project": "mix-energie-gcp2-492212",
            "service": "aiplatform.googleapis.com",
            "timeouts": null
          },
          "sensitive_attributes": [],
          "identity_schema_version": 0,
          "private": "eyJlMmJmYjczMC1lY2FhLTExZTYtOGY4OC0zNDM2M2JjN2M0YzAiOnsiY3JlYXRlIjoxMjAwMDAwMDAwMDAwLCJkZWxldGUiOjEyMDAwMDAwMDAwMDAsInJlYWQiOjYwMDAwMDAwMDAwMCwidXBkYXRlIjoxMjAwMDAwMDAwMDAwfX0=",
          "dependencies": [
            "google_project.mix_energie_gcp"
          ]
        }
      ]
    },
    {
      "mode": "managed",
      "type": "google_service_account",
      "name": "bucket_mix_energie",
      "provider": "provider[\"registry.terraform.io/hashicorp/google\"]",
      "instances": [
        {
          "schema_version": 0,
          "attributes": {
            "account_id": "bucket-mix-energie",
            "create_ignore_already_exists": null,
            "description": "Service account dédié au bucket mix-energie-bucket.",
            "disabled": false,
            "display_name": "",
            "email": "bucket-mix-energie@mix-energie-gcp2-492212.iam.gserviceaccount.com",
            "id": "projects/mix-energie-gcp2-492212/serviceAccounts/bucket-mix-energie@mix-energie-gcp2-492212.iam.gserviceaccount.com",
            "member": "serviceAccount:bucket-mix-energie@mix-energie-gcp2-492212.iam.gserviceaccount.com",
            "name": "projects/mix-energie-gcp2-492212/serviceAccounts/bucket-mix-energie@mix-energie-gcp2-492212.iam.gserviceaccount.com",
            "project": "mix-energie-gcp2-492212",
            "timeouts": null,
            "unique_id": "108001147446218110150"
          },
          "sensitive_attributes": [],
          "identity_schema_version": 0,
          "private": "eyJlMmJmYjczMC1lY2FhLTExZTYtOGY4OC0zNDM2M2JjN2M0YzAiOnsiY3JlYXRlIjozMDAwMDAwMDAwMDB9fQ=="
        }
      ]
    },
    {
      "mode": "managed",
      "type": "google_service_account",
      "name": "fastapi_mix_energie",
      "provider": "provider[\"registry.terraform.io/hashicorp/google\"]",
      "instances": [
        {
          "schema_version": 0,
          "attributes": {
            "account_id": "fastapi-mix-energie",
            "create_ignore_already_exists": null,
            "description": "Service account dédié à l'application FastAPI mix-energie.",
            "disabled": false,
            "display_name": "",
            "email": "fastapi-mix-energie@mix-energie-gcp2-492212.iam.gserviceaccount.com",
            "id": "projects/mix-energie-gcp2-492212/serviceAccounts/fastapi-mix-energie@mix-energie-gcp2-492212.iam.gserviceaccount.com",
            "member": "serviceAccount:fastapi-mix-energie@mix-energie-gcp2-492212.iam.gserviceaccount.com",
            "name": "projects/mix-energie-gcp2-492212/serviceAccounts/fastapi-mix-energie@mix-energie-gcp2-492212.iam.gserviceaccount.com",
            "project": "mix-energie-gcp2-492212",
            "timeouts": null,
            "unique_id": "109153391746299258463"
          },
          "sensitive_attributes": [],
          "identity_schema_version": 0,
          "private": "eyJlMmJmYjczMC1lY2FhLTExZTYtOGY4OC0zNDM2M2JjN2M0YzAiOnsiY3JlYXRlIjozMDAwMDAwMDAwMDB9fQ=="
        }
      ]
    },
    {
      "mode": "managed",
      "type": "google_service_account",
      "name": "import_mix_energie",
      "provider": "provider[\"registry.terraform.io/hashicorp/google\"]",
      "instances": [
        {
          "schema_version": 0,
          "attributes": {
            "account_id": "import-mix-energie",
            "create_ignore_already_exists": null,
            "description": "Service account pour l'import, avec droit écriture sur le bucket mix-energie-bucket.",
            "disabled": false,
            "display_name": "",
            "email": "import-mix-energie@mix-energie-gcp2-492212.iam.gserviceaccount.com",
            "id": "projects/mix-energie-gcp2-492212/serviceAccounts/import-mix-energie@mix-energie-gcp2-492212.iam.gserviceaccount.com",
            "member": "serviceAccount:import-mix-energie@mix-energie-gcp2-492212.iam.gserviceaccount.com",
            "name": "projects/mix-energie-gcp2-492212/serviceAccounts/import-mix-energie@mix-energie-gcp2-492212.iam.gserviceaccount.com",
            "project": "mix-energie-gcp2-492212",
            "timeouts": null,
            "unique_id": "104365601541460663020"
          },
          "sensitive_attributes": [],
          "identity_schema_version": 0,
          "private": "eyJlMmJmYjczMC1lY2FhLTExZTYtOGY4OC0zNDM2M2JjN2M0YzAiOnsiY3JlYXRlIjozMDAwMDAwMDAwMDB9fQ=="
        }
      ]
    },
    {
      "mode": "managed",
      "type": "google_service_account",
      "name": "mix_energie_bigquery",
      "provider": "provider[\"registry.terraform.io/hashicorp/google\"]",
      "instances": [
        {
          "schema_version": 0,
          "attributes": {
            "account_id": "bigquery-mix-energie",
            "create_ignore_already_exists": null,
            "description": "Service account pour BigQuery avec droits BigQuery Admin.",
            "disabled": false,
            "display_name": "",
            "email": "bigquery-mix-energie@mix-energie-gcp2-492212.iam.gserviceaccount.com",
            "id": "projects/mix-energie-gcp2-492212/serviceAccounts/bigquery-mix-energie@mix-energie-gcp2-492212.iam.gserviceaccount.com",
            "member": "serviceAccount:bigquery-mix-energie@mix-energie-gcp2-492212.iam.gserviceaccount.com",
            "name": "projects/mix-energie-gcp2-492212/serviceAccounts/bigquery-mix-energie@mix-energie-gcp2-492212.iam.gserviceaccount.com",
            "project": "mix-energie-gcp2-492212",
            "timeouts": null,
            "unique_id": "114776477633495873648"
          },
          "sensitive_attributes": [],
          "identity_schema_version": 0,
          "private": "eyJlMmJmYjczMC1lY2FhLTExZTYtOGY4OC0zNDM2M2JjN2M0YzAiOnsiY3JlYXRlIjozMDAwMDAwMDAwMDB9fQ=="
        }
      ]
    },
    {
      "mode": "managed",
      "type": "google_storage_bucket",
      "name": "mix_energie_bucket",
      "provider": "provider[\"registry.terraform.io/hashicorp/google\"]",
      "instances": [
        {
          "schema_version": 1,
          "attributes": {
            "autoclass": [],
            "cors": [],
            "custom_placement_config": [],
            "default_event_based_hold": false,
            "effective_labels": {},
            "enable_object_retention": false,
            "encryption": [],
            "force_destroy": true,
            "id": "mix-energie-bucket-492212",
            "labels": {},
            "lifecycle_rule": [],
            "location": "EU",
            "logging": [],
            "name": "mix-energie-bucket-492212",
            "project": "mix-energie-gcp2-492212",
            "project_number": 680136871637,
            "public_access_prevention": "inherited",
            "requester_pays": false,
            "retention_policy": [],
            "rpo": "DEFAULT",
            "self_link": "https://www.googleapis.com/storage/v1/b/mix-energie-bucket-492212",
            "soft_delete_policy": [
              {
                "effective_time": "2026-04-03T16:01:05.456Z",
                "retention_duration_seconds": 604800
              }
            ],
            "storage_class": "STANDARD",
            "terraform_labels": {},
            "timeouts": null,
            "uniform_bucket_level_access": true,
            "url": "gs://mix-energie-bucket-492212",
            "versioning": [],
            "website": []
          },
          "sensitive_attributes": [],
          "identity_schema_version": 0,
          "private": "eyJlMmJmYjczMC1lY2FhLTExZTYtOGY4OC0zNDM2M2JjN2M0YzAiOnsiY3JlYXRlIjo2MDAwMDAwMDAwMDAsInJlYWQiOjI0MDAwMDAwMDAwMCwidXBkYXRlIjoyNDAwMDAwMDAwMDB9LCJzY2hlbWFfdmVyc2lvbiI6IjEifQ=="
        }
      ]
    },
    {
      "mode": "managed",
      "type": "google_storage_bucket_iam_member",
      "name": "bucket_mix_energie_admin",
      "provider": "provider[\"registry.terraform.io/hashicorp/google\"]",
      "instances": [
        {
          "schema_version": 0,
          "attributes": {
            "bucket": "b/mix-energie-bucket-492212",
            "condition": [],
            "etag": "CAQ=",
            "id": "b/mix-energie-bucket-492212/roles/storage.admin/serviceAccount:bucket-mix-energie@mix-energie-gcp2-492212.iam.gserviceaccount.com",
            "member": "serviceAccount:bucket-mix-energie@mix-energie-gcp2-492212.iam.gserviceaccount.com",
            "role": "roles/storage.admin"
          },
          "sensitive_attributes": [],
          "identity_schema_version": 0,
          "private": "bnVsbA==",
          "dependencies": [
            "google_service_account.bucket_mix_energie",
            "google_storage_bucket.mix_energie_bucket"
          ]
        }
      ]
    },
    {
      "mode": "managed",
      "type": "google_storage_bucket_iam_member",
      "name": "fastapi_mix_energie_object_admin",
      "provider": "provider[\"registry.terraform.io/hashicorp/google\"]",
      "instances": [
        {
          "schema_version": 0,
          "attributes": {
            "bucket": "b/mix-energie-bucket-492212",
            "condition": [],
            "etag": "CAQ=",
            "id": "b/mix-energie-bucket-492212/roles/storage.objectAdmin/serviceAccount:fastapi-mix-energie@mix-energie-gcp2-492212.iam.gserviceaccount.com",
            "member": "serviceAccount:fastapi-mix-energie@mix-energie-gcp2-492212.iam.gserviceaccount.com",
            "role": "roles/storage.objectAdmin"
          },
          "sensitive_attributes": [],
          "identity_schema_version": 0,
          "private": "bnVsbA==",
          "dependencies": [
            "google_service_account.fastapi_mix_energie",
            "google_storage_bucket.mix_energie_bucket"
          ]
        }
      ]
    },
    {
      "mode": "managed",
      "type": "google_storage_bucket_iam_member",
      "name": "import_mix_energie_writer",
      "provider": "provider[\"registry.terraform.io/hashicorp/google\"]",
      "instances": [
        {
          "schema_version": 0,
          "attributes": {
            "bucket": "b/mix-energie-bucket-492212",
            "condition": [],
            "etag": "CAQ=",
            "id": "b/mix-energie-bucket-492212/roles/storage.objectCreator/serviceAccount:import-mix-energie@mix-energie-gcp2-492212.iam.gserviceaccount.com",
            "member": "serviceAccount:import-mix-energie@mix-energie-gcp2-492212.iam.gserviceaccount.com",
            "role": "roles/storage.objectCreator"
          },
          "sensitive_attributes": [],
          "identity_schema_version": 0,
          "private": "bnVsbA==",
          "dependencies": [
            "google_service_account.import_mix_energie",
            "google_storage_bucket.mix_energie_bucket"
          ]
        }
      ]
    }
  ],
  "check_results": null
}
